# THIS IS AN AUTOGENERATED FILE. DO NOT EDIT THIS FILE DIRECTLY.
# yarn lockfile v1


"@aws-cdk/assets@1.35.0":
  version "1.35.0"
  resolved "https://registry.yarnpkg.com/@aws-cdk/assets/-/assets-1.35.0.tgz#12d975d4c7f6613062c0a369b57656eb13f62774"
  integrity sha512-5sLlEpF0vpJLi5Kz8agOUhjd9E9Jkq6X0t2Mr1msyHAz6B6Qz3neG6+ccVbtf8CsYkjdXQkzmbFYNwBhWkh+CA==
  dependencies:
    "@aws-cdk/core" "1.35.0"
    "@aws-cdk/cx-api" "1.35.0"
    constructs "^3.0.2"
    minimatch "^3.0.4"

"@aws-cdk/aws-apigateway@^1.35.0":
  version "1.35.0"
  resolved "https://registry.yarnpkg.com/@aws-cdk/aws-apigateway/-/aws-apigateway-1.35.0.tgz#02c8f061b9f47965f8d24f396bc04b642959fb78"
  integrity sha512-mP63OhPdENR6BJsEniT8dcrsQYWSVII3ckxoYehr22wRA7DVfw5kS0ADLR+vsaqC5F5JBfBp1wYmoIkLZVA0ww==
  dependencies:
    "@aws-cdk/aws-certificatemanager" "1.35.0"
    "@aws-cdk/aws-ec2" "1.35.0"
    "@aws-cdk/aws-elasticloadbalancingv2" "1.35.0"
    "@aws-cdk/aws-iam" "1.35.0"
    "@aws-cdk/aws-lambda" "1.35.0"
    "@aws-cdk/aws-logs" "1.35.0"
    "@aws-cdk/core" "1.35.0"
    constructs "^3.0.2"

"@aws-cdk/aws-certificatemanager@1.35.0":
  version "1.35.0"
  resolved "https://registry.yarnpkg.com/@aws-cdk/aws-certificatemanager/-/aws-certificatemanager-1.35.0.tgz#2c4562dc2bcbf35eafb8caf3e5ca81d0addb15c6"
  integrity sha512-FFXbIo8dUCNV/3d+iBwy19OWDTbGHk5bk6+AjClt53vl2D4mf3UhV2kcANrpYLwoSjw6e/P1TqQ9N7y32k9zHw==
  dependencies:
    "@aws-cdk/aws-cloudformation" "1.35.0"
    "@aws-cdk/aws-iam" "1.35.0"
    "@aws-cdk/aws-lambda" "1.35.0"
    "@aws-cdk/aws-route53" "1.35.0"
    "@aws-cdk/core" "1.35.0"
    constructs "^3.0.2"

"@aws-cdk/aws-cloudformation@1.35.0":
  version "1.35.0"
  resolved "https://registry.yarnpkg.com/@aws-cdk/aws-cloudformation/-/aws-cloudformation-1.35.0.tgz#28c50cc3d72b88ee53b19786a882a8807e3d3b67"
  integrity sha512-0ud31OEcpfII7Qe+jLH3IgZxWLun7MaDzJK1Aa9osXHoniVPBoCk1U4+YqNEJ5TXNApyVgWEsw3ItrDy3pfORQ==
  dependencies:
    "@aws-cdk/aws-iam" "1.35.0"
    "@aws-cdk/aws-lambda" "1.35.0"
    "@aws-cdk/aws-s3" "1.35.0"
    "@aws-cdk/aws-sns" "1.35.0"
    "@aws-cdk/core" "1.35.0"
    "@aws-cdk/cx-api" "1.35.0"
    constructs "^3.0.2"

"@aws-cdk/aws-cloudwatch@1.35.0":
  version "1.35.0"
  resolved "https://registry.yarnpkg.com/@aws-cdk/aws-cloudwatch/-/aws-cloudwatch-1.35.0.tgz#bfab48ddfe2046ec140be0acc3772ca286b035fa"
  integrity sha512-0/RHxk2AtINY5NJCb6N2gQoBbpJBVXS5RElIB4mb9vnaFcmJ00UYaXsgGjXdCBagmsY9mfn+LM6qUSKefzVwzw==
  dependencies:
    "@aws-cdk/aws-iam" "1.35.0"
    "@aws-cdk/core" "1.35.0"
    constructs "^3.0.2"

"@aws-cdk/aws-ec2@1.35.0":
  version "1.35.0"
  resolved "https://registry.yarnpkg.com/@aws-cdk/aws-ec2/-/aws-ec2-1.35.0.tgz#1e5b8125cab8e60c2674b389a002095503f4c9f1"
  integrity sha512-m0qEuBxqiOZVXXuNjEg5I7auYoXlscYeLW7QSK+jmKkQmKKTeKbp9mHzNoyFLw51aaEx6/TUKg+Ux8Nc2VzdHw==
  dependencies:
    "@aws-cdk/aws-cloudwatch" "1.35.0"
    "@aws-cdk/aws-iam" "1.35.0"
    "@aws-cdk/aws-logs" "1.35.0"
    "@aws-cdk/aws-s3" "1.35.0"
    "@aws-cdk/aws-ssm" "1.35.0"
    "@aws-cdk/core" "1.35.0"
    "@aws-cdk/cx-api" "1.35.0"
    "@aws-cdk/region-info" "1.35.0"
    constructs "^3.0.2"

"@aws-cdk/aws-elasticloadbalancingv2@1.35.0":
  version "1.35.0"
  resolved "https://registry.yarnpkg.com/@aws-cdk/aws-elasticloadbalancingv2/-/aws-elasticloadbalancingv2-1.35.0.tgz#c83f3f73e0b47cbd6dfda508670780d810806bb9"
  integrity sha512-CXv3pkSkw6sgsRy7Uuwku8yqK/j2AfsY7uez1tf1Tf98aKz9GptnGjJ1dqv58oJhoC7eQo61AoH8dwc1sS5/HA==
  dependencies:
    "@aws-cdk/aws-certificatemanager" "1.35.0"
    "@aws-cdk/aws-cloudwatch" "1.35.0"
    "@aws-cdk/aws-ec2" "1.35.0"
    "@aws-cdk/aws-iam" "1.35.0"
    "@aws-cdk/aws-lambda" "1.35.0"
    "@aws-cdk/aws-s3" "1.35.0"
    "@aws-cdk/core" "1.35.0"
    constructs "^3.0.2"

"@aws-cdk/aws-events@1.35.0":
  version "1.35.0"
  resolved "https://registry.yarnpkg.com/@aws-cdk/aws-events/-/aws-events-1.35.0.tgz#9c95ee87757b832cd2bf7833057553b6e2134558"
  integrity sha512-J4sfP7CaZWAcUjn3jkXtD7Y7qk3tbi7+zNCuGblbR9TMZO9r2G9Q0DDkSjJ6whEZJsRmCy49ZoAHb0COg9cupQ==
  dependencies:
    "@aws-cdk/aws-iam" "1.35.0"
    "@aws-cdk/core" "1.35.0"
    constructs "^3.0.2"

"@aws-cdk/aws-iam@1.35.0":
  version "1.35.0"
  resolved "https://registry.yarnpkg.com/@aws-cdk/aws-iam/-/aws-iam-1.35.0.tgz#317d9b413d84db189cea2bea7e9c15d4785d4b89"
  integrity sha512-OfNWvHGVtN3tTXVTROU9NLivmbkNDgxnaexR4h4GqeRuCDc9kUvxhnZ7U7Gm5E5Jw4pxpcP5DS1K8NyQA2ZQBw==
  dependencies:
    "@aws-cdk/core" "1.35.0"
    "@aws-cdk/region-info" "1.35.0"
    constructs "^3.0.2"

"@aws-cdk/aws-kms@1.35.0":
  version "1.35.0"
  resolved "https://registry.yarnpkg.com/@aws-cdk/aws-kms/-/aws-kms-1.35.0.tgz#0c15474e07ad0286203d20e7c502ca5c1d3efb05"
  integrity sha512-w67cd3vG/6vHz/v2/Ow+iAHjn5jm3yhrbYUMbVc7CfPU//g9N70fV6mohKT+zdyoCSgrZ0WXlHRd64jPe8sutg==
  dependencies:
    "@aws-cdk/aws-iam" "1.35.0"
    "@aws-cdk/core" "1.35.0"
    constructs "^3.0.2"

"@aws-cdk/aws-lambda@1.35.0":
  version "1.35.0"
  resolved "https://registry.yarnpkg.com/@aws-cdk/aws-lambda/-/aws-lambda-1.35.0.tgz#830799545eadaa7d5cb818f44e7d1add6411001d"
  integrity sha512-i/e0gd4oDs7enz4arqMTzrLsJkTJGffWTEOFFJhGmwVpbgjUqKq2P6Vf1l+PUwbWEvwLxVi+JIrI2QhDUST1GQ==
  dependencies:
    "@aws-cdk/aws-cloudwatch" "1.35.0"
    "@aws-cdk/aws-ec2" "1.35.0"
    "@aws-cdk/aws-events" "1.35.0"
    "@aws-cdk/aws-iam" "1.35.0"
    "@aws-cdk/aws-logs" "1.35.0"
    "@aws-cdk/aws-s3" "1.35.0"
    "@aws-cdk/aws-s3-assets" "1.35.0"
    "@aws-cdk/aws-sqs" "1.35.0"
    "@aws-cdk/core" "1.35.0"
    "@aws-cdk/cx-api" "1.35.0"
    constructs "^3.0.2"

"@aws-cdk/aws-logs@1.35.0":
  version "1.35.0"
  resolved "https://registry.yarnpkg.com/@aws-cdk/aws-logs/-/aws-logs-1.35.0.tgz#7bcc900bc8c41940815dd83a573b23a06c840d3c"
  integrity sha512-fZOCi2q0S/fyte1yX/rrzAhj77KsfO9DPoRx1Hi/iLgG1ExPAGx/uexp1b+4upMvrSTiEhLvm1jURL6aMdDW2Q==
  dependencies:
    "@aws-cdk/aws-cloudwatch" "1.35.0"
    "@aws-cdk/aws-iam" "1.35.0"
    "@aws-cdk/core" "1.35.0"
    constructs "^3.0.2"

"@aws-cdk/aws-route53@1.35.0":
  version "1.35.0"
  resolved "https://registry.yarnpkg.com/@aws-cdk/aws-route53/-/aws-route53-1.35.0.tgz#8748b85755c64c077f59e045f779c2726fde1a5d"
  integrity sha512-gpDEUoxFJG6v4ny6W5bKkmMxkXqQe9k4JIV4dIsLeifT8F52lGM5i/S6YjAXfzLhUg35f0E2haK0dXN2wkMTfA==
  dependencies:
    "@aws-cdk/aws-ec2" "1.35.0"
    "@aws-cdk/aws-logs" "1.35.0"
    "@aws-cdk/core" "1.35.0"
    "@aws-cdk/cx-api" "1.35.0"
    constructs "^3.0.2"

"@aws-cdk/aws-s3-assets@1.35.0":
  version "1.35.0"
  resolved "https://registry.yarnpkg.com/@aws-cdk/aws-s3-assets/-/aws-s3-assets-1.35.0.tgz#dcecd32b3a676325393753325c8a91f6773f4f93"
  integrity sha512-a3EEzpzyWI1lXzn5+bhus/BBXCteZ7dgD9H9EjMK2WRPZ3WWIZ+7drORIs0rr/IXDPS2JhzSwQMzXe4PVdHCPA==
  dependencies:
    "@aws-cdk/assets" "1.35.0"
    "@aws-cdk/aws-iam" "1.35.0"
    "@aws-cdk/aws-s3" "1.35.0"
    "@aws-cdk/core" "1.35.0"
    "@aws-cdk/cx-api" "1.35.0"
    constructs "^3.0.2"

"@aws-cdk/aws-s3@1.35.0":
  version "1.35.0"
  resolved "https://registry.yarnpkg.com/@aws-cdk/aws-s3/-/aws-s3-1.35.0.tgz#074b97be9a4bc87446a7cfa954ece94981ea9839"
  integrity sha512-GRiL1yjWi0tlhPERAFGaOuOtX5E/1HhC8Tpbxg/6idpZJMoA+zRSYs0+Nd0U09kO+LqAecS8GmOqCxN9BpupMw==
  dependencies:
    "@aws-cdk/aws-events" "1.35.0"
    "@aws-cdk/aws-iam" "1.35.0"
    "@aws-cdk/aws-kms" "1.35.0"
    "@aws-cdk/core" "1.35.0"
    constructs "^3.0.2"

"@aws-cdk/aws-sns@1.35.0":
  version "1.35.0"
  resolved "https://registry.yarnpkg.com/@aws-cdk/aws-sns/-/aws-sns-1.35.0.tgz#356742ce8799e781fa91f7c87e424ea0e0676262"
  integrity sha512-zgp07V6cLrfouXLjf9r3orJDZ8eq+8P733eot981Q2T0N5qoVvqOmTS6rhu+oeRczbYTcN2cLAm3ksjAGcm1Lg==
  dependencies:
    "@aws-cdk/aws-cloudwatch" "1.35.0"
    "@aws-cdk/aws-events" "1.35.0"
    "@aws-cdk/aws-iam" "1.35.0"
    "@aws-cdk/aws-kms" "1.35.0"
    "@aws-cdk/core" "1.35.0"
    constructs "^3.0.2"

"@aws-cdk/aws-sqs@1.35.0":
  version "1.35.0"
  resolved "https://registry.yarnpkg.com/@aws-cdk/aws-sqs/-/aws-sqs-1.35.0.tgz#4a4715c4b01e4ee9bf1bbca9132c03197f1b78b2"
  integrity sha512-9mV5nF+wbHX5d6DiCYt+Rs82AWZzrQLN/ZAKn+SYV9dfpqc3IYRNijGz+pJ0lUC4PhWmfW2hC56om3LTHtgvuQ==
  dependencies:
    "@aws-cdk/aws-cloudwatch" "1.35.0"
    "@aws-cdk/aws-iam" "1.35.0"
    "@aws-cdk/aws-kms" "1.35.0"
    "@aws-cdk/core" "1.35.0"
    constructs "^3.0.2"

"@aws-cdk/aws-ssm@1.35.0":
  version "1.35.0"
  resolved "https://registry.yarnpkg.com/@aws-cdk/aws-ssm/-/aws-ssm-1.35.0.tgz#df480031a1bf23cb5e42b4ac5a5430bbb4bb44c3"
  integrity sha512-ZnfTfep6UDK+72655KvuAEu97BD7GyGRXGsWphbAokcflTXWFIk295igNjMzYWCFJslIGEI3LQw6DOh6RDCqrg==
  dependencies:
    "@aws-cdk/aws-iam" "1.35.0"
    "@aws-cdk/aws-kms" "1.35.0"
    "@aws-cdk/core" "1.35.0"
    "@aws-cdk/cx-api" "1.35.0"
    constructs "^3.0.2"

"@aws-cdk/cloud-assembly-schema@1.35.0":
  version "1.35.0"
  resolved "https://registry.yarnpkg.com/@aws-cdk/cloud-assembly-schema/-/cloud-assembly-schema-1.35.0.tgz#71e3cb08eea9381dfbfd06acbc04dd8abf4842e0"
  integrity sha512-znbo92G4j7gAEQnlhktmUoiaEdSL0QQnUeBbvby56cwdFa8drszaHsoeNp/tEAVi50jLw3ZsJhMUKgdce4oPrg==
  dependencies:
    jsonschema "^1.2.5"
    semver "^7.2.2"

"@aws-cdk/core@1.35.0":
  version "1.35.0"
  resolved "https://registry.yarnpkg.com/@aws-cdk/core/-/core-1.35.0.tgz#2eb0999ce0c88bfd162f6eb762c14ace22d96429"
  integrity sha512-Ht9S/DjCMLhdV9T/U/+h644NLtmtkKNJVKqg2GpqpydgSJtSAWn066pPq5LpDn2qEsGTcyXm7OD80hP29frOhA==
  dependencies:
    "@aws-cdk/cloud-assembly-schema" "1.35.0"
    "@aws-cdk/cx-api" "1.35.0"
    constructs "^3.0.2"

"@aws-cdk/cx-api@1.35.0":
  version "1.35.0"
  resolved "https://registry.yarnpkg.com/@aws-cdk/cx-api/-/cx-api-1.35.0.tgz#717498738eb7db1774f4145474fc1b0582ee6e29"
  integrity sha512-+qe0MshVrQvvo+Nbt3+N/3llDjv2dxIoNfR1wWduJcv65PCdnvs6cMhHASX4wL8eTQkW7s4cFhk9VGRTdal26g==
  dependencies:
    "@aws-cdk/cloud-assembly-schema" "1.35.0"
    semver "^7.2.2"

"@aws-cdk/region-info@1.35.0":
  version "1.35.0"
  resolved "https://registry.yarnpkg.com/@aws-cdk/region-info/-/region-info-1.35.0.tgz#cd17f9c7b417de96a78f74d25fd40772e8c05646"
  integrity sha512-RVzKL/hfhMItSCi9L/JSKBKWbICpuP1QzfE5411vcxWJbaE2gTfaXowkFlZKBtEQxkIvCGR+hVEaU7Ay3pNLZw==

balanced-match@^1.0.0:
  version "1.0.0"
  resolved "https://registry.yarnpkg.com/balanced-match/-/balanced-match-1.0.0.tgz#89b4d199ab2bee49de164ea02b89ce462d71b767"
  integrity sha1-ibTRmasr7kneFk6gK4nORi1xt2c=

brace-expansion@^1.1.7:
  version "1.1.11"
  resolved "https://registry.yarnpkg.com/brace-expansion/-/brace-expansion-1.1.11.tgz#3c7fcbf529d87226f3d2f52b966ff5271eb441dd"
  integrity sha512-iCuPHDFgrHX7H2vEI/5xpz07zSHB00TpugqhmYtVmMO6518mCuRMoOYFldEBl0g187ufozdaHgWKcYFb61qGiA==
  dependencies:
    balanced-match "^1.0.0"
    concat-map "0.0.1"

concat-map@0.0.1:
  version "0.0.1"
  resolved "https://registry.yarnpkg.com/concat-map/-/concat-map-0.0.1.tgz#d8a96bd77fd68df7793a73036a3ba0d5405d477b"
  integrity sha1-2Klr13/Wjfd5OnMDajug1UBdR3s=

constructs@^3.0.2:
  version "3.0.2"
  resolved "https://registry.yarnpkg.com/constructs/-/constructs-3.0.2.tgz#49432ba2ef765445bddd5fcc5b3948903ec5210b"
  integrity sha512-Q4SkOFaRH2D65kvcGrDZ/FgJwk59HwUohbdCbeIueas+8RJhd9N4j6QgvHnMfTOmQWDPXCn1IGwteTLC0OK1NA==

jsonschema@^1.2.5:
  version "1.2.6"
  resolved "https://registry.yarnpkg.com/jsonschema/-/jsonschema-1.2.6.tgz#52b0a8e9dc06bbae7295249d03e4b9faee8a0c0b"
  integrity sha512-SqhURKZG07JyKKeo/ir24QnS4/BV7a6gQy93bUSe4lUdNp0QNpIz2c9elWJQ9dpc5cQYY6cvCzgRwy0MQCLyqA==

minimatch@^3.0.4:
  version "3.0.4"
  resolved "https://registry.yarnpkg.com/minimatch/-/minimatch-3.0.4.tgz#5166e286457f03306064be5497e8dbb0c3d32083"
  integrity sha512-yJHVQEhyqPLUTgt9B83PXu6W3rx4MvvHvSUvToogpwoGDOUQ+yDrR0HRot+yOCdCO7u4hX3pWft6kWBBcqh0UA==
  dependencies:
    brace-expansion "^1.1.7"

moment@^2.24.0:
  version "2.24.0"
  resolved "https://registry.yarnpkg.com/moment/-/moment-2.24.0.tgz#0d055d53f5052aa653c9f6eb68bb5d12bf5c2b5b"
  integrity sha512-bV7f+6l2QigeBBZSM/6yTNq4P2fNpSWj/0e7jQcy87A8e7o2nAfP/34/2ky5Vw4B9S446EtIhodAzkFCcR4dQg==

semver@^7.2.2:
  version "7.3.2"
  resolved "https://registry.yarnpkg.com/semver/-/semver-7.3.2.tgz#604962b052b81ed0786aae84389ffba70ffd3938"
  integrity sha512-OrOb32TeeambH6UrhtShmF7CRDqhL6/5XpPNp2DuRH6+9QLw/orhp72j87v8Qa1ScDkvrrBNpZcDejAirJmfXQ==

uuid@^7.0.3:
  version "7.0.3"
  resolved "https://registry.yarnpkg.com/uuid/-/uuid-7.0.3.tgz#c5c9f2c8cf25dc0a372c4df1441c41f5bd0c680b"
  integrity sha512-DPSke0pXhTZgoF/d+WSt2QaKMCFSfx7QegxEWT+JOuHF5aWrKEn0G+ztjuJg/gG8/ItK+rbPCD/yNv8yyih6Cg==
